// !$*UTF8*$!
{
	archiveVersion = 1;
	classes = {
	};
	objectVersion = 56;
	objects = {

/* Begin PBXBuildFile section */
		D20B205E2C3FEE3E00ABE2C0 /* GameViewController.swift in Sources */ = {isa = PBXBuildFile; fileRef = D20B205D2C3FEE3E00ABE2C0 /* GameViewController.swift */; };
		D20B20602C41006900ABE2C0 /* GameManager.swift in Sources */ = {isa = PBXBuildFile; fileRef = D20B205F2C41006900ABE2C0 /* GameManager.swift */; };
		D20B20622C43A88900ABE2C0 /* FinishViewController.swift in Sources */ = {isa = PBXBuildFile; fileRef = D20B20612C43A88900ABE2C0 /* FinishViewController.swift */; };
		D24CEFFB2C3FD72E0047C23E /* AppDelegate.swift in Sources */ = {isa = PBXBuildFile; fileRef = D24CEFFA2C3FD72E0047C23E /* AppDelegate.swift */; };
		D24CEFFD2C3FD72E0047C23E /* SceneDelegate.swift in Sources */ = {isa = PBXBuildFile; fileRef = D24CEFFC2C3FD72E0047C23E /* SceneDelegate.swift */; };
		D24CEFFF2C3FD72E0047C23E /* StartScreen.swift in Sources */ = {isa = PBXBuildFile; fileRef = D24CEFFE2C3FD72E0047C23E /* StartScreen.swift */; };
		D24CF0022C3FD72E0047C23E /* Base in Resources */ = {isa = PBXBuildFile; fileRef = D24CF0012C3FD72E0047C23E /* Base */; };
		D24CF0042C3FD72F0047C23E /* Assets.xcassets in Resources */ = {isa = PBXBuildFile; fileRef = D24CF0032C3FD72F0047C23E /* Assets.xcassets */; };
		D24CF0072C3FD72F0047C23E /* Base in Resources */ = {isa = PBXBuildFile; fileRef = D24CF0062C3FD72F0047C23E /* Base */; };
		D24CF09D2C3FE4A30047C23E /* LocationManager.swift in Sources */ = {isa = PBXBuildFile; fileRef = D24CF09C2C3FE4A30047C23E /* LocationManager.swift */; };
		D24CF09F2C3FE67A0047C23E /* LandscapeViewController.swift in Sources */ = {isa = PBXBuildFile; fileRef = D24CF09E2C3FE67A0047C23E /* LandscapeViewController.swift */; };
		D24CF0A12C3FE6CF0047C23E /* UserManager.swift in Sources */ = {isa = PBXBuildFile; fileRef = D24CF0A02C3FE6CF0047C23E /* UserManager.swift */; };
/* End PBXBuildFile section */

/* Begin PBXFileReference section */
		D20B205D2C3FEE3E00ABE2C0 /* GameViewController.swift */ = {isa = PBXFileReference; lastKnownFileType = sourcecode.swift; path = GameViewController.swift; sourceTree = "<group>"; };
		D20B205F2C41006900ABE2C0 /* GameManager.swift */ = {isa = PBXFileReference; lastKnownFileType = sourcecode.swift; path = GameManager.swift; sourceTree = "<group>"; };
		D20B20612C43A88900ABE2C0 /* FinishViewController.swift */ = {isa = PBXFileReference; lastKnownFileType = sourcecode.swift; path = FinishViewController.swift; sourceTree = "<group>"; };
		D24CEFF72C3FD72E0047C23E /* LocationServices.app */ = {isa = PBXFileReference; explicitFileType = wrapper.application; includeInIndex = 0; path = LocationServices.app; sourceTree = BUILT_PRODUCTS_DIR; };
		D24CEFFA2C3FD72E0047C23E /* AppDelegate.swift */ = {isa = PBXFileReference; lastKnownFileType = sourcecode.swift; path = AppDelegate.swift; sourceTree = "<group>"; };
		D24CEFFC2C3FD72E0047C23E /* SceneDelegate.swift */ = {isa = PBXFileReference; lastKnownFileType = sourcecode.swift; path = SceneDelegate.swift; sourceTree = "<group>"; };
		D24CEFFE2C3FD72E0047C23E /* StartScreen.swift */ = {isa = PBXFileReference; lastKnownFileType = sourcecode.swift; path = StartScreen.swift; sourceTree = "<group>"; };
		D24CF0012C3FD72E0047C23E /* Base */ = {isa = PBXFileReference; lastKnownFileType = file.storyboard; name = Base; path = Base.lproj/Main.storyboard; sourceTree = "<group>"; };
		D24CF0032C3FD72F0047C23E /* Assets.xcassets */ = {isa = PBXFileReference; lastKnownFileType = folder.assetcatalog; path = Assets.xcassets; sourceTree = "<group>"; };
		D24CF0062C3FD72F0047C23E /* Base */ = {isa = PBXFileReference; lastKnownFileType = file.storyboard; name = Base; path = Base.lproj/LaunchScreen.storyboard; sourceTree = "<group>"; };
		D24CF0082C3FD72F0047C23E /* Info.plist */ = {isa = PBXFileReference; lastKnownFileType = text.plist.xml; path = Info.plist; sourceTree = "<group>"; };
		D24CF09C2C3FE4A30047C23E /* LocationManager.swift */ = {isa = PBXFileReference; lastKnownFileType = sourcecode.swift; path = LocationManager.swift; sourceTree = "<group>"; };
		D24CF09E2C3FE67A0047C23E /* LandscapeViewController.swift */ = {isa = PBXFileReference; lastKnownFileType = sourcecode.swift; path = LandscapeViewController.swift; sourceTree = "<group>"; };
		D24CF0A02C3FE6CF0047C23E /* UserManager.swift */ = {isa = PBXFileReference; lastKnownFileType = sourcecode.swift; path = UserManager.swift; sourceTree = "<group>"; };
/* End PBXFileReference section */

/* Begin PBXFrameworksBuildPhase section */
		D24CEFF42C3FD72E0047C23E /* Frameworks */ = {
			isa = PBXFrameworksBuildPhase;
			buildActionMask = 2147483647;
			files = (
			);
			runOnlyForDeploymentPostprocessing = 0;
		};
/* End PBXFrameworksBuildPhase section */

/* Begin PBXGroup section */
		D24CEFEE2C3FD72E0047C23E = {
			isa = PBXGroup;
			children = (
				D24CEFF92C3FD72E0047C23E /* LocationServices */,
				D24CEFF82C3FD72E0047C23E /* Products */,
			);
			sourceTree = "<group>";
		};
		D24CEFF82C3FD72E0047C23E /* Products */ = {
			isa = PBXGroup;
			children = (
				D24CEFF72C3FD72E0047C23E /* LocationServices.app */,
			);
			name = Products;
			sourceTree = "<group>";
		};
		D24CEFF92C3FD72E0047C23E /* LocationServices */ = {
			isa = PBXGroup;
			children = (
				D24CEFFA2C3FD72E0047C23E /* AppDelegate.swift */,
				D24CEFFC2C3FD72E0047C23E /* SceneDelegate.swift */,
				D24CEFFE2C3FD72E0047C23E /* StartScreen.swift */,
				D24CF0002C3FD72E0047C23E /* Main.storyboard */,
				D24CF0032C3FD72F0047C23E /* Assets.xcassets */,
				D24CF0052C3FD72F0047C23E /* LaunchScreen.storyboard */,
				D24CF0082C3FD72F0047C23E /* Info.plist */,
				D24CF09C2C3FE4A30047C23E /* LocationManager.swift */,
				D24CF09E2C3FE67A0047C23E /* LandscapeViewController.swift */,
				D24CF0A02C3FE6CF0047C23E /* UserManager.swift */,
				D20B205D2C3FEE3E00ABE2C0 /* GameViewController.swift */,
				D20B205F2C41006900ABE2C0 /* GameManager.swift */,
				D20B20612C43A88900ABE2C0 /* FinishViewController.swift */,
			);
			path = LocationServices;
			sourceTree = "<group>";
		};
/* End PBXGroup section */

/* Begin PBXNativeTarget section */
		D24CEFF62C3FD72E0047C23E /* LocationServices */ = {
			isa = PBXNativeTarget;
			buildConfigurationList = D24CF00B2C3FD72F0047C23E /* Build configuration list for PBXNativeTarget "LocationServices" */;
			buildPhases = (
				D24CEFF32C3FD72E0047C23E /* Sources */,
				D24CEFF42C3FD72E0047C23E /* Frameworks */,
				D24CEFF52C3FD72E0047C23E /* Resources */,
			);
			buildRules = (
			);
			dependencies = (
			);
			name = LocationServices;
			productName = LocationServices;
			productReference = D24CEFF72C3FD72E0047C23E /* LocationServices.app */;
			productType = "com.apple.product-type.application";
		};
/* End PBXNativeTarget section */

/* Begin PBXProject section */
		D24CEFEF2C3FD72E0047C23E /* Project object */ = {
			isa = PBXProject;
			attributes = {
				BuildIndependentTargetsInParallel = 1;
				LastSwiftUpdateCheck = 1540;
				LastUpgradeCheck = 1540;
				TargetAttributes = {
					D24CEFF62C3FD72E0047C23E = {
						CreatedOnToolsVersion = 15.4;
					};
				};
			};
			buildConfigurationList = D24CEFF22C3FD72E0047C23E /* Build configuration list for PBXProject "LocationServices" */;
			compatibilityVersion = "Xcode 14.0";
			developmentRegion = en;
			hasScannedForEncodings = 0;
			knownRegions = (
				en,
				Base,
			);
			mainGroup = D24CEFEE2C3FD72E0047C23E;
			productRefGroup = D24CEFF82C3FD72E0047C23E /* Products */;
			projectDirPath = "";
			projectRoot = "";
			targets = (
				D24CEFF62C3FD72E0047C23E /* LocationServices */,
			);
		};
/* End PBXProject section */

/* Begin PBXResourcesBuildPhase section */
		D24CEFF52C3FD72E0047C23E /* Resources */ = {
			isa = PBXResourcesBuildPhase;
			buildActionMask = 2147483647;
			files = (
				D24CF0042C3FD72F0047C23E /* Assets.xcassets in Resources */,
				D24CF0072C3FD72F0047C23E /* Base in Resources */,
				D24CF0022C3FD72E0047C23E /* Base in Resources */,
			);
			runOnlyForDeploymentPostprocessing = 0;
		};
/* End PBXResourcesBuildPhase section */

/* Begin PBXSourcesBuildPhase section */
		D24CEFF32C3FD72E0047C23E /* Sources */ = {
			isa = PBXSourcesBuildPhase;
			buildActionMask = 2147483647;
			files = (
				D20B205E2C3FEE3E00ABE2C0 /* GameViewController.swift in Sources */,
				D20B20602C41006900ABE2C0 /* GameManager.swift in Sources */,
				D20B20622C43A88900ABE2C0 /* FinishViewController.swift in Sources */,
				D24CF0A12C3FE6CF0047C23E /* UserManager.swift in Sources */,
				D24CF09D2C3FE4A30047C23E /* LocationManager.swift in Sources */,
				D24CEFFF2C3FD72E0047C23E /* StartScreen.swift in Sources */,
				D24CF09F2C3FE67A0047C23E /* LandscapeViewController.swift in Sources */,
				D24CEFFB2C3FD72E0047C23E /* AppDelegate.swift in Sources */,
				D24CEFFD2C3FD72E0047C23E /* SceneDelegate.swift in Sources */,
			);
			runOnlyForDeploymentPostprocessing = 0;
		};
/* End PBXSourcesBuildPhase section */

/* Begin PBXVariantGroup section */
		D24CF0002C3FD72E0047C23E /* Main.storyboard */ = {
			isa = PBXVariantGroup;
			children = (
				D24CF0012C3FD72E0047C23E /* Base */,
			);
			name = Main.storyboard;
			sourceTree = "<group>";
		};
		D24CF0052C3FD72F0047C23E /* LaunchScreen.storyboard */ = {
			isa = PBXVariantGroup;
			children = (
				D24CF0062C3FD72F0047C23E /* Base */,
			);
			name = LaunchScreen.storyboard;
			sourceTree = "<group>";
		};
/* End PBXVariantGroup section */

/* Begin XCBuildConfiguration section */
		D24CF0092C3FD72F0047C23E /* Debug */ = {
			isa = XCBuildConfiguration;
			buildSettings = {
				ALWAYS_SEARCH_USER_PATHS = NO;
				ASSETCATALOG_COMPILER_GENERATE_SWIFT_ASSET_SYMBOL_EXTENSIONS = YES;
				CLANG_ANALYZER_NONNULL = YES;
				CLANG_ANALYZER_NUMBER_OBJECT_CONVERSION = YES_AGGRESSIVE;
				CLANG_CXX_LANGUAGE_STANDARD = "gnu++20";
				CLANG_ENABLE_MODULES = YES;
				CLANG_ENABLE_OBJC_ARC = YES;
				CLANG_ENABLE_OBJC_WEAK = YES;
				CLANG_WARN_BLOCK_CAPTURE_AUTORELEASING = YES;
				CLANG_WARN_BOOL_CONVERSION = YES;
				CLANG_WARN_COMMA = YES;
				CLANG_WARN_CONSTANT_CONVERSION = YES;
				CLANG_WARN_DEPRECATED_OBJC_IMPLEMENTATIONS = YES;
				CLANG_WARN_DIRECT_OBJC_ISA_USAGE = YES_ERROR;
				CLANG_WARN_DOCUMENTATION_COMMENTS = YES;
				CLANG_WARN_EMPTY_BODY = YES;
				CLANG_WARN_ENUM_CONVERSION = YES;
				CLANG_WARN_INFINITE_RECURSION = YES;
				CLANG_WARN_INT_CONVERSION = YES;
				CLANG_WARN_NON_LITERAL_NULL_CONVERSION = YES;
				CLANG_WARN_OBJC_IMPLICIT_RETAIN_SELF = YES;
				CLANG_WARN_OBJC_LITERAL_CONVERSION = YES;
				CLANG_WARN_OBJC_ROOT_CLASS = YES_ERROR;
				CLANG_WARN_QUOTED_INCLUDE_IN_FRAMEWORK_HEADER = YES;
				CLANG_WARN_RANGE_LOOP_ANALYSIS = YES;
				CLANG_WARN_STRICT_PROTOTYPES = YES;
				CLANG_WARN_SUSPICIOUS_MOVE = YES;
				CLANG_WARN_UNGUARDED_AVAILABILITY = YES_AGGRESSIVE;
				CLANG_WARN_UNREACHABLE_CODE = YES;
				CLANG_WARN__DUPLICATE_METHOD_MATCH = YES;
				COPY_PHASE_STRIP = NO;
				DEBUG_INFORMATION_FORMAT = dwarf;
				ENABLE_STRICT_OBJC_MSGSEND = YES;
				ENABLE_TESTABILITY = YES;
				ENABLE_USER_SCRIPT_SANDBOXING = YES;
				GCC_C_LANGUAGE_STANDARD = gnu17;
				GCC_DYNAMIC_NO_PIC = NO;
				GCC_NO_COMMON_BLOCKS = YES;
				GCC_OPTIMIZATION_LEVEL = 0;
				GCC_PREPROCESSOR_DEFINITIONS = (
					"DEBUG=1",
					"$(inherited)",
				);
				GCC_WARN_64_TO_32_BIT_CONVERSION = YES;
				GCC_WARN_ABOUT_RETURN_TYPE = YES_ERROR;
				GCC_WARN_UNDECLARED_SELECTOR = YES;
				GCC_WARN_UNINITIALIZED_AUTOS = YES_AGGRESSIVE;
				GCC_WARN_UNUSED_FUNCTION = YES;
				GCC_WARN_UNUSED_VARIABLE = YES;
				IPHONEOS_DEPLOYMENT_TARGET = 16.4;
				LOCALIZATION_PREFERS_STRING_CATALOGS = YES;
				MTL_ENABLE_DEBUG_INFO = INCLUDE_SOURCE;
				MTL_FAST_MATH = YES;
				ONLY_ACTIVE_ARCH = YES;
				SDKROOT = iphoneos;
				SWIFT_ACTIVE_COMPILATION_CONDITIONS = "DEBUG $(inherited)";
				SWIFT_OPTIMIZATION_LEVEL = "-Onone";
			};
			name = Debug;
		};
		D24CF00A2C3FD72F0047C23E /* Release */ = {
			isa = XCBuildConfiguration;
			buildSettings = {
				ALWAYS_SEARCH_USER_PATHS = NO;
				ASSETCATALOG_COMPILER_GENERATE_SWIFT_ASSET_SYMBOL_EXTENSIONS = YES;
				CLANG_ANALYZER_NONNULL = YES;
				CLANG_ANALYZER_NUMBER_OBJECT_CONVERSION = YES_AGGRESSIVE;
				CLANG_CXX_LANGUAGE_STANDARD = "gnu++20";
				CLANG_ENABLE_MODULES = YES;
				CLANG_ENABLE_OBJC_ARC = YES;
				CLANG_ENABLE_OBJC_WEAK = YES;
				CLANG_WARN_BLOCK_CAPTURE_AUTORELEASING = YES;
				CLANG_WARN_BOOL_CONVERSION = YES;
				CLANG_WARN_COMMA = YES;
				CLANG_WARN_CONSTANT_CONVERSION = YES;
				CLANG_WARN_DEPRECATED_OBJC_IMPLEMENTATIONS = YES;
				CLANG_WARN_DIRECT_OBJC_ISA_USAGE = YES_ERROR;
				CLANG_WARN_DOCUMENTATION_COMMENTS = YES;
				CLANG_WARN_EMPTY_BODY = YES;
				CLANG_WARN_ENUM_CONVERSION = YES;
				CLANG_WARN_INFINITE_RECURSION = YES;
				CLANG_WARN_INT_CONVERSION = YES;
				CLANG_WARN_NON_LITERAL_NULL_CONVERSION = YES;
				CLANG_WARN_OBJC_IMPLICIT_RETAIN_SELF = YES;
				CLANG_WARN_OBJC_LITERAL_CONVERSION = YES;
				CLANG_WARN_OBJC_ROOT_CLASS = YES_ERROR;
				CLANG_WARN_QUOTED_INCLUDE_IN_FRAMEWORK_HEADER = YES;
				CLANG_WARN_RANGE_LOOP_ANALYSIS = YES;
				CLANG_WARN_STRICT_PROTOTYPES = YES;
				CLANG_WARN_SUSPICIOUS_MOVE = YES;
				CLANG_WARN_UNGUARDED_AVAILABILITY = YES_AGGRESSIVE;
				CLANG_WARN_UNREACHABLE_CODE = YES;
				CLANG_WARN__DUPLICATE_METHOD_MATCH = YES;
				COPY_PHASE_STRIP = NO;
				DEBUG_INFORMATION_FORMAT = "dwarf-with-dsym";
				ENABLE_NS_ASSERTIONS = NO;
				ENABLE_STRICT_OBJC_MSGSEND = YES;
				ENABLE_USER_SCRIPT_SANDBOXING = YES;
				GCC_C_LANGUAGE_STANDARD = gnu17;
				GCC_NO_COMMON_BLOCKS = YES;
				GCC_WARN_64_TO_32_BIT_CONVERSION = YES;
				GCC_WARN_ABOUT_RETURN_TYPE = YES_ERROR;
				GCC_WARN_UNDECLARED_SELECTOR = YES;
				GCC_WARN_UNINITIALIZED_AUTOS = YES_AGGRESSIVE;
				GCC_WARN_UNUSED_FUNCTION = YES;
				GCC_WARN_UNUSED_VARIABLE = YES;
				IPHONEOS_DEPLOYMENT_TARGET = 16.4;
				LOCALIZATION_PREFERS_STRING_CATALOGS = YES;
				MTL_ENABLE_DEBUG_INFO = NO;
				MTL_FAST_MATH = YES;
				SDKROOT = iphoneos;
				SWIFT_COMPILATION_MODE = wholemodule;
				VALIDATE_PRODUCT = YES;
			};
			name = Release;
		};
		D24CF00C2C3FD72F0047C23E /* Debug */ = {
			isa = XCBuildConfiguration;
			buildSettings = {
				ASSETCATALOG_COMPILER_APPICON_NAME = AppIcon;
				ASSETCATALOG_COMPILER_GLOBAL_ACCENT_COLOR_NAME = AccentColor;
				CODE_SIGN_STYLE = Automatic;
				CURRENT_PROJECT_VERSION = 1;
				DEVELOPMENT_TEAM = DGLNNPN798;
				GENERATE_INFOPLIST_FILE = YES;
				INFOPLIST_FILE = LocationServices/Info.plist;
				INFOPLIST_KEY_UIApplicationSupportsIndirectInputEvents = YES;
				INFOPLIST_KEY_UILaunchStoryboardName = LaunchScreen;
				INFOPLIST_KEY_UIMainStoryboardFile = Main;
				INFOPLIST_KEY_UISupportedInterfaceOrientations_iPad = "UIInterfaceOrientationPortrait UIInterfaceOrientationPortraitUpsideDown UIInterfaceOrientationLandscapeLeft UIInterfaceOrientationLandscapeRight";
				INFOPLIST_KEY_UISupportedInterfaceOrientations_iPhone = "UIInterfaceOrientationPortrait UIInterfaceOrientationLandscapeLeft UIInterfaceOrientationLandscapeRight";
				LD_RUNPATH_SEARCH_PATHS = (
					"$(inherited)",
					"@executable_path/Frameworks",
				);
				MARKETING_VERSION = 1.0;
				PRODUCT_BUNDLE_IDENTIFIER = nadav.edu.hackeru.LocationServices;
				PRODUCT_NAME = "$(TARGET_NAME)";
				SUPPORTED_PLATFORMS = "iphoneos iphonesimulator";
				SUPPORTS_MACCATALYST = NO;
				SUPPORTS_MAC_DESIGNED_FOR_IPHONE_IPAD = YES;
				SWIFT_EMIT_LOC_STRINGS = YES;
				SWIFT_VERSION = 5.0;
				TARGETED_DEVICE_FAMILY = "1,2";
			};
			name = Debug;
		};
		D24CF00D2C3FD72F0047C23E /* Release */ = {
			isa = XCBuildConfiguration;
			buildSettings = {
				ASSETCATALOG_COMPILER_APPICON_NAME = AppIcon;
				ASSETCATALOG_COMPILER_GLOBAL_ACCENT_COLOR_NAME = AccentColor;
				CODE_SIGN_STYLE = Automatic;
				CURRENT_PROJECT_VERSION = 1;
				DEVELOPMENT_TEAM = DGLNNPN798;
				GENERATE_INFOPLIST_FILE = YES;
				INFOPLIST_FILE = LocationServices/Info.plist;
				INFOPLIST_KEY_UIApplicationSupportsIndirectInputEvents = YES;
				INFOPLIST_KEY_UILaunchStoryboardName = LaunchScreen;
				INFOPLIST_KEY_UIMainStoryboardFile = Main;
				INFOPLIST_KEY_UISupportedInterfaceOrientations_iPad = "UIInterfaceOrientationPortrait UIInterfaceOrientationPortraitUpsideDown UIInterfaceOrientationLandscapeLeft UIInterfaceOrientationLandscapeRight";
				INFOPLIST_KEY_UISupportedInterfaceOrientations_iPhone = "UIInterfaceOrientationPortrait UIInterfaceOrientationLandscapeLeft UIInterfaceOrientationLandscapeRight";
				LD_RUNPATH_SEARCH_PATHS = (
					"$(inherited)",
					"@executable_path/Frameworks",
				);
				MARKETING_VERSION = 1.0;
				PRODUCT_BUNDLE_IDENTIFIER = nadav.edu.hackeru.LocationServices;
				PRODUCT_NAME = "$(TARGET_NAME)";
				SUPPORTED_PLATFORMS = "iphoneos iphonesimulator";
				SUPPORTS_MACCATALYST = NO;
				SUPPORTS_MAC_DESIGNED_FOR_IPHONE_IPAD = YES;
				SWIFT_EMIT_LOC_STRINGS = YES;
				SWIFT_VERSION = 5.0;
				TARGETED_DEVICE_FAMILY = "1,2";
			};
			name = Release;
		};
/* End XCBuildConfiguration section */

/* Begin XCConfigurationList section */
		D24CEFF22C3FD72E0047C23E /* Build configuration list for PBXProject "LocationServices" */ = {
			isa = XCConfigurationList;
			buildConfigurations = (
				D24CF0092C3FD72F0047C23E /* Debug */,
				D24CF00A2C3FD72F0047C23E /* Release */,
			);
			defaultConfigurationIsVisible = 0;
			defaultConfigurationName = Release;
		};
		D24CF00B2C3FD72F0047C23E /* Build configuration list for PBXNativeTarget "LocationServices" */ = {
			isa = XCConfigurationList;
			buildConfigurations = (
				D24CF00C2C3FD72F0047C23E /* Debug */,
				D24CF00D2C3FD72F0047C23E /* Release */,
			);
			defaultConfigurationIsVisible = 0;
			defaultConfigurationName = Release;
		};
/* End XCConfigurationList section */
	};
	rootObject = D24CEFEF2C3FD72E0047C23E /* Project object */;
}
